
Microsoft Visual Studio Solution File, Format Version 12.00
# Visual Studio 15
VisualStudioVersion = 15.0.26114.2
MinimumVisualStudioVersion = 10.0.40219.1
Project("{2150E333-8FDC-42A3-9474-1A3956D46DE8}") = ".paket", ".paket", "{2674A673-0E94-465E-A981-85ABB1CA78E7}"
	ProjectSection(SolutionItems) = preProject
		..\paket.dependencies = ..\paket.dependencies
	EndProjectSection
EndProject
Project("{FAE04EC0-301F-11D3-BF4B-00C04F79EFBC}") = "AsciiDocNet", "AsciiDocNet\AsciiDocNet.csproj", "{0C808E3D-5ECF-46A9-936D-BCD019B858F9}"
EndProject
Project("{FAE04EC0-301F-11D3-BF4B-00C04F79EFBC}") = "AsciiDocNet.Tests", "AsciiDocNet.Tests\AsciiDocNet.Tests.csproj", "{8AFB2E20-2EBE-48D2-AA28-89F7F7948429}"
EndProject
Project("{2150E333-8FDC-42A3-9474-1A3956D46DE8}") = "build", "build", "{5B868227-DC86-44DA-AFDE-752EB8B7CE0C}"
	ProjectSection(SolutionItems) = preProject
		..\build.bat = ..\build.bat
		..\paket.dependencies = ..\paket.dependencies
		..\build\AsciiDocNet.nuspec = ..\build\AsciiDocNet.nuspec
		global.json = global.json
	EndProjectSection
EndProject
Project("{F2A71F9B-5D33-465A-A702-920D77279786}") = "scripts", "..\build\scripts\scripts.fsproj", "{876DEC6A-20DB-4522-AB92-0C5895CC791C}"
EndProject
Global
	GlobalSection(SolutionConfigurationPlatforms) = preSolution
		Debug|Any CPU = Debug|Any CPU
		Release|Any CPU = Release|Any CPU
	EndGlobalSection
	GlobalSection(ProjectConfigurationPlatforms) = postSolution
		{0C808E3D-5ECF-46A9-936D-BCD019B858F9}.Debug|Any CPU.ActiveCfg = Debug|Any CPU
		{0C808E3D-5ECF-46A9-936D-BCD019B858F9}.Debug|Any CPU.Build.0 = Debug|Any CPU
		{0C808E3D-5ECF-46A9-936D-BCD019B858F9}.Release|Any CPU.ActiveCfg = Release|Any CPU
		{0C808E3D-5ECF-46A9-936D-BCD019B858F9}.Release|Any CPU.Build.0 = Release|Any CPU
		{8AFB2E20-2EBE-48D2-AA28-89F7F7948429}.Debug|Any CPU.ActiveCfg = Debug|Any CPU
		{8AFB2E20-2EBE-48D2-AA28-89F7F7948429}.Debug|Any CPU.Build.0 = Debug|Any CPU
		{8AFB2E20-2EBE-48D2-AA28-89F7F7948429}.Release|Any CPU.ActiveCfg = Release|Any CPU
		{8AFB2E20-2EBE-48D2-AA28-89F7F7948429}.Release|Any CPU.Build.0 = Release|Any CPU
		{876DEC6A-20DB-4522-AB92-0C5895CC791C}.Debug|Any CPU.ActiveCfg = Debug|Any CPU
		{876DEC6A-20DB-4522-AB92-0C5895CC791C}.Release|Any CPU.ActiveCfg = Release|Any CPU
	EndGlobalSection
	GlobalSection(SolutionProperties) = preSolution
		HideSolutionNode = FALSE
	EndGlobalSection
	GlobalSection(NestedProjects) = preSolution
		{876DEC6A-20DB-4522-AB92-0C5895CC791C} = {5B868227-DC86-44DA-AFDE-752EB8B7CE0C}
	EndGlobalSection
EndGlobal
